Microsoft Visual Studio Solution File, Format Version 12.00
# Visual Studio Version 16
VisualStudioVersion = 16.0.31702.278
MinimumVisualStudioVersion = 10.0.40219.1
Project("{9A19103F-16F7-4668-BE54-9A1E7A4F7556}") = "Business", "Business\Business.csproj", "{A1AA5993-976F-4E20-88F4-8CBFD04B1F02}"
EndProject
Project("{9A19103F-16F7-4668-BE54-9A1E7A4F7556}") = "Entity", "Entity\Entity.csproj", "{614468EB-F729-42C0-A663-3A63D9C07988}"
EndProject
Project("{9A19103F-16F7-4668-BE54-9A1E7A4F7556}") = "Core", "Core\Core.csproj", "{EB4CC76D-6771-4C72-891A-6EF6E3BFDD08}"
EndProject
Project("{9A19103F-16F7-4668-BE54-9A1E7A4F7556}") = "DataAccess", "DataAccess\DataAccess.csproj", "{ADE13F05-A496-468F-9644-3989B5695D79}"
EndProject
Project("{9A19103F-16F7-4668-BE54-9A1E7A4F7556}") = "WebApi", "WebApi\WebApi.csproj", "{4EEB0530-B329-4CEA-B7DC-A96CC9227C15}"
EndProject
Global
	GlobalSection(SolutionConfigurationPlatforms) = preSolution
		Debug|Any CPU = Debug|Any CPU
		Release|Any CPU = Release|Any CPU
	EndGlobalSection
	GlobalSection(ProjectConfigurationPlatforms) = postSolution
		{A1AA5993-976F-4E20-88F4-8CBFD04B1F02}.Debug|Any CPU.ActiveCfg = Debug|Any CPU
		{A1AA5993-976F-4E20-88F4-8CBFD04B1F02}.Debug|Any CPU.Build.0 = Debug|Any CPU
		{A1AA5993-976F-4E20-88F4-8CBFD04B1F02}.Release|Any CPU.ActiveCfg = Release|Any CPU
		{A1AA5993-976F-4E20-88F4-8CBFD04B1F02}.Release|Any CPU.Build.0 = Release|Any CPU
		{614468EB-F729-42C0-A663-3A63D9C07988}.Debug|Any CPU.ActiveCfg = Debug|Any CPU
		{614468EB-F729-42C0-A663-3A63D9C07988}.Debug|Any CPU.Build.0 = Debug|Any CPU
		{614468EB-F729-42C0-A663-3A63D9C07988}.Release|Any CPU.ActiveCfg = Release|Any CPU
		{614468EB-F729-42C0-A663-3A63D9C07988}.Release|Any CPU.Build.0 = Release|Any CPU
		{EB4CC76D-6771-4C72-891A-6EF6E3BFDD08}.Debug|Any CPU.ActiveCfg = Debug|Any CPU
		{EB4CC76D-6771-4C72-891A-6EF6E3BFDD08}.Debug|Any CPU.Build.0 = Debug|Any CPU
		{EB4CC76D-6771-4C72-891A-6EF6E3BFDD08}.Release|Any CPU.ActiveCfg = Release|Any CPU
		{EB4CC76D-6771-4C72-891A-6EF6E3BFDD08}.Release|Any CPU.Build.0 = Release|Any CPU
		{ADE13F05-A496-468F-9644-3989B5695D79}.Debug|Any CPU.ActiveCfg = Debug|Any CPU
		{ADE13F05-A496-468F-9644-3989B5695D79}.Debug|Any CPU.Build.0 = Debug|Any CPU
		{ADE13F05-A496-468F-9644-3989B5695D79}.Release|Any CPU.ActiveCfg = Release|Any CPU
		{ADE13F05-A496-468F-9644-3989B5695D79}.Release|Any CPU.Build.0 = Release|Any CPU
		{4EEB0530-B329-4CEA-B7DC-A96CC9227C15}.Debug|Any CPU.ActiveCfg = Debug|Any CPU
		{4EEB0530-B329-4CEA-B7DC-A96CC9227C15}.Debug|Any CPU.Build.0 = Debug|Any CPU
		{4EEB0530-B329-4CEA-B7DC-A96CC9227C15}.Release|Any CPU.ActiveCfg = Release|Any CPU
		{4EEB0530-B329-4CEA-B7DC-A96CC9227C15}.Release|Any CPU.Build.0 = Release|Any CPU
	EndGlobalSection
	GlobalSection(SolutionProperties) = preSolution
		HideSolutionNode = FALSE
	EndGlobalSection
	GlobalSection(ExtensibilityGlobals) = postSolution
		SolutionGuid = {49D3627B-83A4-4369-81FF-62AE8EF146BA}
	EndGlobalSection
EndGlobal
